
Microsoft Visual Studio Solution File, Format Version 12.00
# Visual Studio Version 16
VisualStudioVersion = 16.0.30907.101
MinimumVisualStudioVersion = 10.0.40219.1
Project("{9A19103F-16F7-4668-BE54-9A1E7A4F7556}") = "BurglarAlarm.Web", "BurglarAlarm.Web\BurglarAlarm.Web.csproj", "{54160BC7-7B1E-4959-ABA8-CB86D579C3AC}"
EndProject
Project("{9A19103F-16F7-4668-BE54-9A1E7A4F7556}") = "BurglarAlarmWebML.Model", "BurglarAlarmWebML.Model\BurglarAlarmWebML.Model.csproj", "{2237BF43-CFBD-444E-94D1-3115624394AA}"
EndProject
Project("{9A19103F-16F7-4668-BE54-9A1E7A4F7556}") = "BurglarAlarmWebML.ConsoleApp", "BurglarAlarmWebML.ConsoleApp\BurglarAlarmWebML.ConsoleApp.csproj", "{030BF4AF-6EB2-45F1-A488-8E883762C3AB}"
EndProject
Project("{FAE04EC0-301F-11D3-BF4B-00C04F79EFBC}") = "BurglarAlarm.FaceDetection", "BurglarAlarm.FaceDetection\BurglarAlarm.FaceDetection.csproj", "{5FB1E7AB-EC35-4A58-BD50-4D208DF034E2}"
EndProject
Global
	GlobalSection(SolutionConfigurationPlatforms) = preSolution
		Debug|Any CPU = Debug|Any CPU
		Release|Any CPU = Release|Any CPU
	EndGlobalSection
	GlobalSection(ProjectConfigurationPlatforms) = postSolution
		{54160BC7-7B1E-4959-ABA8-CB86D579C3AC}.Debug|Any CPU.ActiveCfg = Debug|Any CPU
		{54160BC7-7B1E-4959-ABA8-CB86D579C3AC}.Debug|Any CPU.Build.0 = Debug|Any CPU
		{54160BC7-7B1E-4959-ABA8-CB86D579C3AC}.Release|Any CPU.ActiveCfg = Release|Any CPU
		{54160BC7-7B1E-4959-ABA8-CB86D579C3AC}.Release|Any CPU.Build.0 = Release|Any CPU
		{2237BF43-CFBD-444E-94D1-3115624394AA}.Debug|Any CPU.ActiveCfg = Debug|Any CPU
		{2237BF43-CFBD-444E-94D1-3115624394AA}.Debug|Any CPU.Build.0 = Debug|Any CPU
		{2237BF43-CFBD-444E-94D1-3115624394AA}.Release|Any CPU.ActiveCfg = Release|Any CPU
		{2237BF43-CFBD-444E-94D1-3115624394AA}.Release|Any CPU.Build.0 = Release|Any CPU
		{030BF4AF-6EB2-45F1-A488-8E883762C3AB}.Debug|Any CPU.ActiveCfg = Debug|Any CPU
		{030BF4AF-6EB2-45F1-A488-8E883762C3AB}.Debug|Any CPU.Build.0 = Debug|Any CPU
		{030BF4AF-6EB2-45F1-A488-8E883762C3AB}.Release|Any CPU.ActiveCfg = Release|Any CPU
		{030BF4AF-6EB2-45F1-A488-8E883762C3AB}.Release|Any CPU.Build.0 = Release|Any CPU
		{5FB1E7AB-EC35-4A58-BD50-4D208DF034E2}.Debug|Any CPU.ActiveCfg = Debug|Any CPU
		{5FB1E7AB-EC35-4A58-BD50-4D208DF034E2}.Debug|Any CPU.Build.0 = Debug|Any CPU
		{5FB1E7AB-EC35-4A58-BD50-4D208DF034E2}.Release|Any CPU.ActiveCfg = Release|Any CPU
		{5FB1E7AB-EC35-4A58-BD50-4D208DF034E2}.Release|Any CPU.Build.0 = Release|Any CPU
	EndGlobalSection
	GlobalSection(SolutionProperties) = preSolution
		HideSolutionNode = FALSE
	EndGlobalSection
	GlobalSection(ExtensibilityGlobals) = postSolution
		SolutionGuid = {20FE59F2-107F-4419-AF69-3E5ED6EC1E0C}
	EndGlobalSection
EndGlobal
