
Microsoft Visual Studio Solution File, Format Version 12.00
# Visual Studio Version 17
VisualStudioVersion = 17.0.32126.317
MinimumVisualStudioVersion = 10.0.40219.1
Project("{9A19103F-16F7-4668-BE54-9A1E7A4F7556}") = "BurglarAlarmWebML.Model", "BurglarAlarmWebML.Model\BurglarAlarmWebML.Model.csproj", "{2237BF43-CFBD-444E-94D1-3115624394AA}"
EndProject
Project("{9A19103F-16F7-4668-BE54-9A1E7A4F7556}") = "BurglarAlarmWebML.ConsoleApp", "BurglarAlarmWebML.ConsoleApp\BurglarAlarmWebML.ConsoleApp.csproj", "{030BF4AF-6EB2-45F1-A488-8E883762C3AB}"
EndProject
Project("{9A19103F-16F7-4668-BE54-9A1E7A4F7556}") = "BurglarAlarm.FaceDetection", "BurglarAlarm.FaceDetection\BurglarAlarm.FaceDetection.csproj", "{5FB1E7AB-EC35-4A58-BD50-4D208DF034E2}"
EndProject
Project("{9A19103F-16F7-4668-BE54-9A1E7A4F7556}") = "BurglarAlarm.Domain", "BurglarAlarm.Domain\BurglarAlarm.Domain.csproj", "{AC445C25-26F2-4ED4-9063-5997F7F6E3F6}"
EndProject
Project("{FAE04EC0-301F-11D3-BF4B-00C04F79EFBC}") = "BurglarAlarm.Web.Server", "BurglarAlarm.Web\Server\BurglarAlarm.Web.Server.csproj", "{DA321646-C0CD-4D88-A41F-E2C6C7368DC8}"
EndProject
Project("{FAE04EC0-301F-11D3-BF4B-00C04F79EFBC}") = "BurglarAlarm.Web.Client", "BurglarAlarm.Web\Client\BurglarAlarm.Web.Client.csproj", "{628BA874-9204-4C89-A84F-2561117A3CC0}"
EndProject
Project("{FAE04EC0-301F-11D3-BF4B-00C04F79EFBC}") = "BurglarAlarm.Service", "BurglarAlarm.Service\BurglarAlarm.Service.csproj", "{7A3B5D2E-CC6D-4571-875F-57FE3D706478}"
EndProject
Global
	GlobalSection(SolutionConfigurationPlatforms) = preSolution
		Debug|Any CPU = Debug|Any CPU
		Release|Any CPU = Release|Any CPU
	EndGlobalSection
	GlobalSection(ProjectConfigurationPlatforms) = postSolution
		{2237BF43-CFBD-444E-94D1-3115624394AA}.Debug|Any CPU.ActiveCfg = Debug|Any CPU
		{2237BF43-CFBD-444E-94D1-3115624394AA}.Debug|Any CPU.Build.0 = Debug|Any CPU
		{2237BF43-CFBD-444E-94D1-3115624394AA}.Release|Any CPU.ActiveCfg = Release|Any CPU
		{2237BF43-CFBD-444E-94D1-3115624394AA}.Release|Any CPU.Build.0 = Release|Any CPU
		{030BF4AF-6EB2-45F1-A488-8E883762C3AB}.Debug|Any CPU.ActiveCfg = Debug|Any CPU
		{030BF4AF-6EB2-45F1-A488-8E883762C3AB}.Debug|Any CPU.Build.0 = Debug|Any CPU
		{030BF4AF-6EB2-45F1-A488-8E883762C3AB}.Release|Any CPU.ActiveCfg = Release|Any CPU
		{030BF4AF-6EB2-45F1-A488-8E883762C3AB}.Release|Any CPU.Build.0 = Release|Any CPU
		{5FB1E7AB-EC35-4A58-BD50-4D208DF034E2}.Debug|Any CPU.ActiveCfg = Debug|Any CPU
		{5FB1E7AB-EC35-4A58-BD50-4D208DF034E2}.Debug|Any CPU.Build.0 = Debug|Any CPU
		{5FB1E7AB-EC35-4A58-BD50-4D208DF034E2}.Release|Any CPU.ActiveCfg = Release|Any CPU
		{5FB1E7AB-EC35-4A58-BD50-4D208DF034E2}.Release|Any CPU.Build.0 = Release|Any CPU
		{AC445C25-26F2-4ED4-9063-5997F7F6E3F6}.Debug|Any CPU.ActiveCfg = Debug|Any CPU
		{AC445C25-26F2-4ED4-9063-5997F7F6E3F6}.Debug|Any CPU.Build.0 = Debug|Any CPU
		{AC445C25-26F2-4ED4-9063-5997F7F6E3F6}.Release|Any CPU.ActiveCfg = Release|Any CPU
		{AC445C25-26F2-4ED4-9063-5997F7F6E3F6}.Release|Any CPU.Build.0 = Release|Any CPU
		{DA321646-C0CD-4D88-A41F-E2C6C7368DC8}.Debug|Any CPU.ActiveCfg = Debug|Any CPU
		{DA321646-C0CD-4D88-A41F-E2C6C7368DC8}.Debug|Any CPU.Build.0 = Debug|Any CPU
		{DA321646-C0CD-4D88-A41F-E2C6C7368DC8}.Release|Any CPU.ActiveCfg = Release|Any CPU
		{DA321646-C0CD-4D88-A41F-E2C6C7368DC8}.Release|Any CPU.Build.0 = Release|Any CPU
		{628BA874-9204-4C89-A84F-2561117A3CC0}.Debug|Any CPU.ActiveCfg = Debug|Any CPU
		{628BA874-9204-4C89-A84F-2561117A3CC0}.Debug|Any CPU.Build.0 = Debug|Any CPU
		{628BA874-9204-4C89-A84F-2561117A3CC0}.Release|Any CPU.ActiveCfg = Release|Any CPU
		{628BA874-9204-4C89-A84F-2561117A3CC0}.Release|Any CPU.Build.0 = Release|Any CPU
		{7A3B5D2E-CC6D-4571-875F-57FE3D706478}.Debug|Any CPU.ActiveCfg = Debug|Any CPU
		{7A3B5D2E-CC6D-4571-875F-57FE3D706478}.Debug|Any CPU.Build.0 = Debug|Any CPU
		{7A3B5D2E-CC6D-4571-875F-57FE3D706478}.Release|Any CPU.ActiveCfg = Release|Any CPU
		{7A3B5D2E-CC6D-4571-875F-57FE3D706478}.Release|Any CPU.Build.0 = Release|Any CPU
	EndGlobalSection
	GlobalSection(SolutionProperties) = preSolution
		HideSolutionNode = FALSE
	EndGlobalSection
	GlobalSection(ExtensibilityGlobals) = postSolution
		SolutionGuid = {20FE59F2-107F-4419-AF69-3E5ED6EC1E0C}
	EndGlobalSection
EndGlobal
